
Microsoft Visual Studio Solution File, Format Version 12.00
# Visual Studio 15
VisualStudioVersion = 15.0.28307.902
MinimumVisualStudioVersion = 10.0.40219.1
Project("{FAE04EC0-301F-11D3-BF4B-00C04F79EFBC}") = "ChatService", "ChatService\ChatService.csproj", "{5E987D9D-DB07-478A-9B8A-C0749B5E071C}"
EndProject
Global
	GlobalSection(SolutionConfigurationPlatforms) = preSolution
		Debug|Any CPU = Debug|Any CPU
		Release|Any CPU = Release|Any CPU
	EndGlobalSection
	GlobalSection(ProjectConfigurationPlatforms) = postSolution
		{5E987D9D-DB07-478A-9B8A-C0749B5E071C}.Debug|Any CPU.ActiveCfg = Debug|Any CPU
		{5E987D9D-DB07-478A-9B8A-C0749B5E071C}.Debug|Any CPU.Build.0 = Debug|Any CPU
		{5E987D9D-DB07-478A-9B8A-C0749B5E071C}.Release|Any CPU.ActiveCfg = Release|Any CPU
		{5E987D9D-DB07-478A-9B8A-C0749B5E071C}.Release|Any CPU.Build.0 = Release|Any CPU
	EndGlobalSection
	GlobalSection(SolutionProperties) = preSolution
		HideSolutionNode = FALSE
	EndGlobalSection
	GlobalSection(ExtensibilityGlobals) = postSolution
		SolutionGuid = {39EA7CCF-93BB-4E98-84F0-F436BFC23AC8}
	EndGlobalSection
EndGlobal
